
Microsoft Visual Studio Solution File, Format Version 12.00
# Visual Studio Version 16
VisualStudioVersion = 16.0.31229.75
MinimumVisualStudioVersion = 10.0.40219.1
Project("{FAE04EC0-301F-11D3-BF4B-00C04F79EFBC}") = "EventIntegrator", "EventIntegrator\EventIntegrator.csproj", "{E4D4429A-EEFF-4E6B-8855-75AF394D0758}"
EndProject
Project("{FAE04EC0-301F-11D3-BF4B-00C04F79EFBC}") = "EventsApi", "EventsApi\EventsApi.csproj", "{1140B9F9-9DA7-4AB0-B505-CA63B2B9575B}"
EndProject
Global
	GlobalSection(SolutionConfigurationPlatforms) = preSolution
		Debug|Any CPU = Debug|Any CPU
		Release|Any CPU = Release|Any CPU
	EndGlobalSection
	GlobalSection(ProjectConfigurationPlatforms) = postSolution
		{E4D4429A-EEFF-4E6B-8855-75AF394D0758}.Debug|Any CPU.ActiveCfg = Debug|Any CPU
		{E4D4429A-EEFF-4E6B-8855-75AF394D0758}.Debug|Any CPU.Build.0 = Debug|Any CPU
		{E4D4429A-EEFF-4E6B-8855-75AF394D0758}.Release|Any CPU.ActiveCfg = Release|Any CPU
		{E4D4429A-EEFF-4E6B-8855-75AF394D0758}.Release|Any CPU.Build.0 = Release|Any CPU
		{1140B9F9-9DA7-4AB0-B505-CA63B2B9575B}.Debug|Any CPU.ActiveCfg = Debug|Any CPU
		{1140B9F9-9DA7-4AB0-B505-CA63B2B9575B}.Debug|Any CPU.Build.0 = Debug|Any CPU
		{1140B9F9-9DA7-4AB0-B505-CA63B2B9575B}.Release|Any CPU.ActiveCfg = Release|Any CPU
		{1140B9F9-9DA7-4AB0-B505-CA63B2B9575B}.Release|Any CPU.Build.0 = Release|Any CPU
	EndGlobalSection
	GlobalSection(SolutionProperties) = preSolution
		HideSolutionNode = FALSE
	EndGlobalSection
	GlobalSection(ExtensibilityGlobals) = postSolution
		SolutionGuid = {2C4D4A75-CA86-485B-9DE0-5E6629CD664B}
	EndGlobalSection
EndGlobal
